// !$*UTF8*$!
{
	archiveVersion = 1;
	classes = {
	};
	objectVersion = 50;
	objects = {

/* Begin PBXBuildFile section */
		0F135D23EFA0F5C826696B98 /* Pods_TodoeyTwo.framework in Frameworks */ = {isa = PBXBuildFile; fileRef = F83AA11E3EF77873DD7BD357 /* Pods_TodoeyTwo.framework */; };
		820ED70B209B38C70054C79A /* AppDelegate.swift in Sources */ = {isa = PBXBuildFile; fileRef = 820ED70A209B38C70054C79A /* AppDelegate.swift */; };
		820ED710209B38C70054C79A /* Main.storyboard in Resources */ = {isa = PBXBuildFile; fileRef = 820ED70E209B38C70054C79A /* Main.storyboard */; };
		820ED712209B38C70054C79A /* Assets.xcassets in Resources */ = {isa = PBXBuildFile; fileRef = 820ED711209B38C70054C79A /* Assets.xcassets */; };
		820ED715209B38C70054C79A /* LaunchScreen.storyboard in Resources */ = {isa = PBXBuildFile; fileRef = 820ED713209B38C70054C79A /* LaunchScreen.storyboard */; };
		820ED71D209B39680054C79A /* TodayListViewController.swift in Sources */ = {isa = PBXBuildFile; fileRef = 820ED71C209B39680054C79A /* TodayListViewController.swift */; };
		827CCD9A209F350A00CCDADA /* DataModel.xcdatamodeld in Sources */ = {isa = PBXBuildFile; fileRef = 827CCD98209F350A00CCDADA /* DataModel.xcdatamodeld */; };
		82C5324720A311790077514E /* Data.swift in Sources */ = {isa = PBXBuildFile; fileRef = 82C5324620A311790077514E /* Data.swift */; };
		82FD217E20A1993D00460A0E /* CategoryTableViewController.swift in Sources */ = {isa = PBXBuildFile; fileRef = 82FD217D20A1993D00460A0E /* CategoryTableViewController.swift */; };
/* End PBXBuildFile section */

/* Begin PBXFileReference section */
		6D4E1149013C4DBB553F5C19 /* Pods-TodoeyTwo.release.xcconfig */ = {isa = PBXFileReference; includeInIndex = 1; lastKnownFileType = text.xcconfig; name = "Pods-TodoeyTwo.release.xcconfig"; path = "Pods/Target Support Files/Pods-TodoeyTwo/Pods-TodoeyTwo.release.xcconfig"; sourceTree = "<group>"; };
		820ED707209B38C70054C79A /* TodoeyTwo.app */ = {isa = PBXFileReference; explicitFileType = wrapper.application; includeInIndex = 0; path = TodoeyTwo.app; sourceTree = BUILT_PRODUCTS_DIR; };
		820ED70A209B38C70054C79A /* AppDelegate.swift */ = {isa = PBXFileReference; lastKnownFileType = sourcecode.swift; path = AppDelegate.swift; sourceTree = "<group>"; };
		820ED70F209B38C70054C79A /* Base */ = {isa = PBXFileReference; lastKnownFileType = file.storyboard; name = Base; path = Base.lproj/Main.storyboard; sourceTree = "<group>"; };
		820ED711209B38C70054C79A /* Assets.xcassets */ = {isa = PBXFileReference; lastKnownFileType = folder.assetcatalog; path = Assets.xcassets; sourceTree = "<group>"; };
		820ED714209B38C70054C79A /* Base */ = {isa = PBXFileReference; lastKnownFileType = file.storyboard; name = Base; path = Base.lproj/LaunchScreen.storyboard; sourceTree = "<group>"; };
		820ED716209B38C70054C79A /* Info.plist */ = {isa = PBXFileReference; lastKnownFileType = text.plist.xml; path = Info.plist; sourceTree = "<group>"; };
		820ED71C209B39680054C79A /* TodayListViewController.swift */ = {isa = PBXFileReference; lastKnownFileType = sourcecode.swift; path = TodayListViewController.swift; sourceTree = "<group>"; };
		827CCD99209F350A00CCDADA /* DataModel.xcdatamodel */ = {isa = PBXFileReference; lastKnownFileType = wrapper.xcdatamodel; path = DataModel.xcdatamodel; sourceTree = "<group>"; };
		82C5324620A311790077514E /* Data.swift */ = {isa = PBXFileReference; lastKnownFileType = sourcecode.swift; path = Data.swift; sourceTree = "<group>"; };
		82FD217D20A1993D00460A0E /* CategoryTableViewController.swift */ = {isa = PBXFileReference; lastKnownFileType = sourcecode.swift; path = CategoryTableViewController.swift; sourceTree = "<group>"; };
		B397CF4D7898828D716C7619 /* Pods-TodoeyTwo.debug.xcconfig */ = {isa = PBXFileReference; includeInIndex = 1; lastKnownFileType = text.xcconfig; name = "Pods-TodoeyTwo.debug.xcconfig"; path = "Pods/Target Support Files/Pods-TodoeyTwo/Pods-TodoeyTwo.debug.xcconfig"; sourceTree = "<group>"; };
		F83AA11E3EF77873DD7BD357 /* Pods_TodoeyTwo.framework */ = {isa = PBXFileReference; explicitFileType = wrapper.framework; includeInIndex = 0; path = Pods_TodoeyTwo.framework; sourceTree = BUILT_PRODUCTS_DIR; };
/* End PBXFileReference section */

/* Begin PBXFrameworksBuildPhase section */
		820ED704209B38C70054C79A /* Frameworks */ = {
			isa = PBXFrameworksBuildPhase;
			buildActionMask = 2147483647;
			files = (
				0F135D23EFA0F5C826696B98 /* Pods_TodoeyTwo.framework in Frameworks */,
			);
			runOnlyForDeploymentPostprocessing = 0;
		};
/* End PBXFrameworksBuildPhase section */

/* Begin PBXGroup section */
		15960D2064D2CB03155C2FBD /* Frameworks */ = {
			isa = PBXGroup;
			children = (
				F83AA11E3EF77873DD7BD357 /* Pods_TodoeyTwo.framework */,
			);
			name = Frameworks;
			sourceTree = "<group>";
		};
		26ADD94890D973EF3A0AACE8 /* Pods */ = {
			isa = PBXGroup;
			children = (
				B397CF4D7898828D716C7619 /* Pods-TodoeyTwo.debug.xcconfig */,
				6D4E1149013C4DBB553F5C19 /* Pods-TodoeyTwo.release.xcconfig */,
			);
			name = Pods;
			sourceTree = "<group>";
		};
		820ED6FE209B38C70054C79A = {
			isa = PBXGroup;
			children = (
				820ED709209B38C70054C79A /* TodoeyTwo */,
				820ED708209B38C70054C79A /* Products */,
				26ADD94890D973EF3A0AACE8 /* Pods */,
				15960D2064D2CB03155C2FBD /* Frameworks */,
			);
			sourceTree = "<group>";
		};
		820ED708209B38C70054C79A /* Products */ = {
			isa = PBXGroup;
			children = (
				820ED707209B38C70054C79A /* TodoeyTwo.app */,
			);
			name = Products;
			sourceTree = "<group>";
		};
		820ED709209B38C70054C79A /* TodoeyTwo */ = {
			isa = PBXGroup;
			children = (
				820ED70A209B38C70054C79A /* AppDelegate.swift */,
				827CCD75209EED0B00CCDADA /* Views */,
				827CCD76209EED5200CCDADA /* Suporting Files */,
				820ED716209B38C70054C79A /* Info.plist */,
				827CCD74209EECD200CCDADA /* Controllares */,
				827CCD73209EECAE00CCDADA /* Data Model */,
			);
			path = TodoeyTwo;
			sourceTree = "<group>";
		};
		827CCD73209EECAE00CCDADA /* Data Model */ = {
			isa = PBXGroup;
			children = (
				827CCD98209F350A00CCDADA /* DataModel.xcdatamodeld */,
				82C5324620A311790077514E /* Data.swift */,
			);
			path = "Data Model";
			sourceTree = "<group>";
		};
		827CCD74209EECD200CCDADA /* Controllares */ = {
			isa = PBXGroup;
			children = (
				82FD217D20A1993D00460A0E /* CategoryTableViewController.swift */,
				820ED71C209B39680054C79A /* TodayListViewController.swift */,
			);
			path = Controllares;
			sourceTree = "<group>";
		};
		827CCD75209EED0B00CCDADA /* Views */ = {
			isa = PBXGroup;
			children = (
				820ED70E209B38C70054C79A /* Main.storyboard */,
			);
			path = Views;
			sourceTree = "<group>";
		};
		827CCD76209EED5200CCDADA /* Suporting Files */ = {
			isa = PBXGroup;
			children = (
				820ED713209B38C70054C79A /* LaunchScreen.storyboard */,
				820ED711209B38C70054C79A /* Assets.xcassets */,
			);
			path = "Suporting Files";
			sourceTree = "<group>";
		};
/* End PBXGroup section */

/* Begin PBXNativeTarget section */
		820ED706209B38C70054C79A /* TodoeyTwo */ = {
			isa = PBXNativeTarget;
			buildConfigurationList = 820ED719209B38C70054C79A /* Build configuration list for PBXNativeTarget "TodoeyTwo" */;
			buildPhases = (
				B8E24A7D5265409CBCD07EBD /* [CP] Check Pods Manifest.lock */,
				820ED703209B38C70054C79A /* Sources */,
				820ED704209B38C70054C79A /* Frameworks */,
				820ED705209B38C70054C79A /* Resources */,
				F767808C3CE21E5BC6597D9D /* [CP] Embed Pods Frameworks */,
			);
			buildRules = (
			);
			dependencies = (
			);
			name = TodoeyTwo;
			productName = TodoeyTwo;
			productReference = 820ED707209B38C70054C79A /* TodoeyTwo.app */;
			productType = "com.apple.product-type.application";
		};
/* End PBXNativeTarget section */

/* Begin PBXProject section */
		820ED6FF209B38C70054C79A /* Project object */ = {
			isa = PBXProject;
			attributes = {
				LastSwiftUpdateCheck = 0930;
				LastUpgradeCheck = 0930;
				ORGANIZATIONNAME = ameer;
				TargetAttributes = {
					820ED706209B38C70054C79A = {
						CreatedOnToolsVersion = 9.3;
					};
				};
			};
			buildConfigurationList = 820ED702209B38C70054C79A /* Build configuration list for PBXProject "TodoeyTwo" */;
			compatibilityVersion = "Xcode 9.3";
			developmentRegion = en;
			hasScannedForEncodings = 0;
			knownRegions = (
				en,
				Base,
			);
			mainGroup = 820ED6FE209B38C70054C79A;
			productRefGroup = 820ED708209B38C70054C79A /* Products */;
			projectDirPath = "";
			projectRoot = "";
			targets = (
				820ED706209B38C70054C79A /* TodoeyTwo */,
			);
		};
/* End PBXProject section */

/* Begin PBXResourcesBuildPhase section */
		820ED705209B38C70054C79A /* Resources */ = {
			isa = PBXResourcesBuildPhase;
			buildActionMask = 2147483647;
			files = (
				820ED715209B38C70054C79A /* LaunchScreen.storyboard in Resources */,
				820ED712209B38C70054C79A /* Assets.xcassets in Resources */,
				820ED710209B38C70054C79A /* Main.storyboard in Resources */,
			);
			runOnlyForDeploymentPostprocessing = 0;
		};
/* End PBXResourcesBuildPhase section */

/* Begin PBXShellScriptBuildPhase section */
		B8E24A7D5265409CBCD07EBD /* [CP] Check Pods Manifest.lock */ = {
			isa = PBXShellScriptBuildPhase;
			buildActionMask = 2147483647;
			files = (
			);
			inputPaths = (
				"${PODS_PODFILE_DIR_PATH}/Podfile.lock",
				"${PODS_ROOT}/Manifest.lock",
			);
			name = "[CP] Check Pods Manifest.lock";
			outputPaths = (
				"$(DERIVED_FILE_DIR)/Pods-TodoeyTwo-checkManifestLockResult.txt",
			);
			runOnlyForDeploymentPostprocessing = 0;
			shellPath = /bin/sh;
			shellScript = "diff \"${PODS_PODFILE_DIR_PATH}/Podfile.lock\" \"${PODS_ROOT}/Manifest.lock\" > /dev/null\nif [ $? != 0 ] ; then\n    # print error to STDERR\n    echo \"error: The sandbox is not in sync with the Podfile.lock. Run 'pod install' or update your CocoaPods installation.\" >&2\n    exit 1\nfi\n# This output is used by Xcode 'outputs' to avoid re-running this script phase.\necho \"SUCCESS\" > \"${SCRIPT_OUTPUT_FILE_0}\"\n";
			showEnvVarsInLog = 0;
		};
		F767808C3CE21E5BC6597D9D /* [CP] Embed Pods Frameworks */ = {
			isa = PBXShellScriptBuildPhase;
			buildActionMask = 2147483647;
			files = (
			);
			inputPaths = (
				"${SRCROOT}/Pods/Target Support Files/Pods-TodoeyTwo/Pods-TodoeyTwo-frameworks.sh",
				"${BUILT_PRODUCTS_DIR}/Realm/Realm.framework",
				"${BUILT_PRODUCTS_DIR}/RealmSwift/RealmSwift.framework",
			);
			name = "[CP] Embed Pods Frameworks";
			outputPaths = (
				"${TARGET_BUILD_DIR}/${FRAMEWORKS_FOLDER_PATH}/Realm.framework",
				"${TARGET_BUILD_DIR}/${FRAMEWORKS_FOLDER_PATH}/RealmSwift.framework",
			);
			runOnlyForDeploymentPostprocessing = 0;
			shellPath = /bin/sh;
			shellScript = "\"${SRCROOT}/Pods/Target Support Files/Pods-TodoeyTwo/Pods-TodoeyTwo-frameworks.sh\"\n";
			showEnvVarsInLog = 0;
		};
/* End PBXShellScriptBuildPhase section */

/* Begin PBXSourcesBuildPhase section */
		820ED703209B38C70054C79A /* Sources */ = {
			isa = PBXSourcesBuildPhase;
			buildActionMask = 2147483647;
			files = (
				820ED71D209B39680054C79A /* TodayListViewController.swift in Sources */,
				82C5324720A311790077514E /* Data.swift in Sources */,
				827CCD9A209F350A00CCDADA /* DataModel.xcdatamodeld in Sources */,
				820ED70B209B38C70054C79A /* AppDelegate.swift in Sources */,
				82FD217E20A1993D00460A0E /* CategoryTableViewController.swift in Sources */,
			);
			runOnlyForDeploymentPostprocessing = 0;
		};
/* End PBXSourcesBuildPhase section */

/* Begin PBXVariantGroup section */
		820ED70E209B38C70054C79A /* Main.storyboard */ = {
			isa = PBXVariantGroup;
			children = (
				820ED70F209B38C70054C79A /* Base */,
			);
			name = Main.storyboard;
			sourceTree = "<group>";
		};
		820ED713209B38C70054C79A /* LaunchScreen.storyboard */ = {
			isa = PBXVariantGroup;
			children = (
				820ED714209B38C70054C79A /* Base */,
			);
			name = LaunchScreen.storyboard;
			sourceTree = "<group>";
		};
/* End PBXVariantGroup section */

/* Begin XCBuildConfiguration section */
		820ED717209B38C70054C79A /* Debug */ = {
			isa = XCBuildConfiguration;
			buildSettings = {
				ALWAYS_SEARCH_USER_PATHS = NO;
				CLANG_ANALYZER_NONNULL = YES;
				CLANG_ANALYZER_NUMBER_OBJECT_CONVERSION = YES_AGGRESSIVE;
				CLANG_CXX_LANGUAGE_STANDARD = "gnu++14";
				CLANG_CXX_LIBRARY = "libc++";
				CLANG_ENABLE_MODULES = YES;
				CLANG_ENABLE_OBJC_ARC = YES;
				CLANG_ENABLE_OBJC_WEAK = YES;
				CLANG_WARN_BLOCK_CAPTURE_AUTORELEASING = YES;
				CLANG_WARN_BOOL_CONVERSION = YES;
				CLANG_WARN_COMMA = YES;
				CLANG_WARN_CONSTANT_CONVERSION = YES;
				CLANG_WARN_DEPRECATED_OBJC_IMPLEMENTATIONS = YES;
				CLANG_WARN_DIRECT_OBJC_ISA_USAGE = YES_ERROR;
				CLANG_WARN_DOCUMENTATION_COMMENTS = YES;
				CLANG_WARN_EMPTY_BODY = YES;
				CLANG_WARN_ENUM_CONVERSION = YES;
				CLANG_WARN_INFINITE_RECURSION = YES;
				CLANG_WARN_INT_CONVERSION = YES;
				CLANG_WARN_NON_LITERAL_NULL_CONVERSION = YES;
				CLANG_WARN_OBJC_IMPLICIT_RETAIN_SELF = YES;
				CLANG_WARN_OBJC_LITERAL_CONVERSION = YES;
				CLANG_WARN_OBJC_ROOT_CLASS = YES_ERROR;
				CLANG_WARN_RANGE_LOOP_ANALYSIS = YES;
				CLANG_WARN_STRICT_PROTOTYPES = YES;
				CLANG_WARN_SUSPICIOUS_MOVE = YES;
				CLANG_WARN_UNGUARDED_AVAILABILITY = YES_AGGRESSIVE;
				CLANG_WARN_UNREACHABLE_CODE = YES;
				CLANG_WARN__DUPLICATE_METHOD_MATCH = YES;
				CODE_SIGN_IDENTITY = "iPhone Developer";
				COPY_PHASE_STRIP = NO;
				DEBUG_INFORMATION_FORMAT = dwarf;
				ENABLE_STRICT_OBJC_MSGSEND = YES;
				ENABLE_TESTABILITY = YES;
				GCC_C_LANGUAGE_STANDARD = gnu11;
				GCC_DYNAMIC_NO_PIC = NO;
				GCC_NO_COMMON_BLOCKS = YES;
				GCC_OPTIMIZATION_LEVEL = 0;
				GCC_PREPROCESSOR_DEFINITIONS = (
					"DEBUG=1",
					"$(inherited)",
				);
				GCC_WARN_64_TO_32_BIT_CONVERSION = YES;
				GCC_WARN_ABOUT_RETURN_TYPE = YES_ERROR;
				GCC_WARN_UNDECLARED_SELECTOR = YES;
				GCC_WARN_UNINITIALIZED_AUTOS = YES_AGGRESSIVE;
				GCC_WARN_UNUSED_FUNCTION = YES;
				GCC_WARN_UNUSED_VARIABLE = YES;
				IPHONEOS_DEPLOYMENT_TARGET = 11.3;
				MTL_ENABLE_DEBUG_INFO = YES;
				ONLY_ACTIVE_ARCH = YES;
				SDKROOT = iphoneos;
				SWIFT_ACTIVE_COMPILATION_CONDITIONS = DEBUG;
				SWIFT_OPTIMIZATION_LEVEL = "-Onone";
			};
			name = Debug;
		};
		820ED718209B38C70054C79A /* Release */ = {
			isa = XCBuildConfiguration;
			buildSettings = {
				ALWAYS_SEARCH_USER_PATHS = NO;
				CLANG_ANALYZER_NONNULL = YES;
				CLANG_ANALYZER_NUMBER_OBJECT_CONVERSION = YES_AGGRESSIVE;
				CLANG_CXX_LANGUAGE_STANDARD = "gnu++14";
				CLANG_CXX_LIBRARY = "libc++";
				CLANG_ENABLE_MODULES = YES;
				CLANG_ENABLE_OBJC_ARC = YES;
				CLANG_ENABLE_OBJC_WEAK = YES;
				CLANG_WARN_BLOCK_CAPTURE_AUTORELEASING = YES;
				CLANG_WARN_BOOL_CONVERSION = YES;
				CLANG_WARN_COMMA = YES;
				CLANG_WARN_CONSTANT_CONVERSION = YES;
				CLANG_WARN_DEPRECATED_OBJC_IMPLEMENTATIONS = YES;
				CLANG_WARN_DIRECT_OBJC_ISA_USAGE = YES_ERROR;
				CLANG_WARN_DOCUMENTATION_COMMENTS = YES;
				CLANG_WARN_EMPTY_BODY = YES;
				CLANG_WARN_ENUM_CONVERSION = YES;
				CLANG_WARN_INFINITE_RECURSION = YES;
				CLANG_WARN_INT_CONVERSION = YES;
				CLANG_WARN_NON_LITERAL_NULL_CONVERSION = YES;
				CLANG_WARN_OBJC_IMPLICIT_RETAIN_SELF = YES;
				CLANG_WARN_OBJC_LITERAL_CONVERSION = YES;
				CLANG_WARN_OBJC_ROOT_CLASS = YES_ERROR;
				CLANG_WARN_RANGE_LOOP_ANALYSIS = YES;
				CLANG_WARN_STRICT_PROTOTYPES = YES;
				CLANG_WARN_SUSPICIOUS_MOVE = YES;
				CLANG_WARN_UNGUARDED_AVAILABILITY = YES_AGGRESSIVE;
				CLANG_WARN_UNREACHABLE_CODE = YES;
				CLANG_WARN__DUPLICATE_METHOD_MATCH = YES;
				CODE_SIGN_IDENTITY = "iPhone Developer";
				COPY_PHASE_STRIP = NO;
				DEBUG_INFORMATION_FORMAT = "dwarf-with-dsym";
				ENABLE_NS_ASSERTIONS = NO;
				ENABLE_STRICT_OBJC_MSGSEND = YES;
				GCC_C_LANGUAGE_STANDARD = gnu11;
				GCC_NO_COMMON_BLOCKS = YES;
				GCC_WARN_64_TO_32_BIT_CONVERSION = YES;
				GCC_WARN_ABOUT_RETURN_TYPE = YES_ERROR;
				GCC_WARN_UNDECLARED_SELECTOR = YES;
				GCC_WARN_UNINITIALIZED_AUTOS = YES_AGGRESSIVE;
				GCC_WARN_UNUSED_FUNCTION = YES;
				GCC_WARN_UNUSED_VARIABLE = YES;
				IPHONEOS_DEPLOYMENT_TARGET = 11.3;
				MTL_ENABLE_DEBUG_INFO = NO;
				SDKROOT = iphoneos;
				SWIFT_COMPILATION_MODE = wholemodule;
				SWIFT_OPTIMIZATION_LEVEL = "-O";
				VALIDATE_PRODUCT = YES;
			};
			name = Release;
		};
		820ED71A209B38C70054C79A /* Debug */ = {
			isa = XCBuildConfiguration;
			baseConfigurationReference = B397CF4D7898828D716C7619 /* Pods-TodoeyTwo.debug.xcconfig */;
			buildSettings = {
				ASSETCATALOG_COMPILER_APPICON_NAME = AppIcon;
				CODE_SIGN_STYLE = Automatic;
				INFOPLIST_FILE = TodoeyTwo/Info.plist;
				LD_RUNPATH_SEARCH_PATHS = (
					"$(inherited)",
					"@executable_path/Frameworks",
				);
				PRODUCT_BUNDLE_IDENTIFIER = ameer.TodoeyTwo;
				PRODUCT_NAME = "$(TARGET_NAME)";
				SWIFT_VERSION = 4.0;
				TARGETED_DEVICE_FAMILY = "1,2";
			};
			name = Debug;
		};
		820ED71B209B38C70054C79A /* Release */ = {
			isa = XCBuildConfiguration;
			baseConfigurationReference = 6D4E1149013C4DBB553F5C19 /* Pods-TodoeyTwo.release.xcconfig */;
			buildSettings = {
				ASSETCATALOG_COMPILER_APPICON_NAME = AppIcon;
				CODE_SIGN_STYLE = Automatic;
				INFOPLIST_FILE = TodoeyTwo/Info.plist;
				LD_RUNPATH_SEARCH_PATHS = (
					"$(inherited)",
					"@executable_path/Frameworks",
				);
				PRODUCT_BUNDLE_IDENTIFIER = ameer.TodoeyTwo;
				PRODUCT_NAME = "$(TARGET_NAME)";
				SWIFT_VERSION = 4.0;
				TARGETED_DEVICE_FAMILY = "1,2";
			};
			name = Release;
		};
/* End XCBuildConfiguration section */

/* Begin XCConfigurationList section */
		820ED702209B38C70054C79A /* Build configuration list for PBXProject "TodoeyTwo" */ = {
			isa = XCConfigurationList;
			buildConfigurations = (
				820ED717209B38C70054C79A /* Debug */,
				820ED718209B38C70054C79A /* Release */,
			);
			defaultConfigurationIsVisible = 0;
			defaultConfigurationName = Release;
		};
		820ED719209B38C70054C79A /* Build configuration list for PBXNativeTarget "TodoeyTwo" */ = {
			isa = XCConfigurationList;
			buildConfigurations = (
				820ED71A209B38C70054C79A /* Debug */,
				820ED71B209B38C70054C79A /* Release */,
			);
			defaultConfigurationIsVisible = 0;
			defaultConfigurationName = Release;
		};
/* End XCConfigurationList section */

/* Begin XCVersionGroup section */
		827CCD98209F350A00CCDADA /* DataModel.xcdatamodeld */ = {
			isa = XCVersionGroup;
			children = (
				827CCD99209F350A00CCDADA /* DataModel.xcdatamodel */,
			);
			currentVersion = 827CCD99209F350A00CCDADA /* DataModel.xcdatamodel */;
			path = DataModel.xcdatamodeld;
			sourceTree = "<group>";
			versionGroupType = wrapper.xcdatamodel;
		};
/* End XCVersionGroup section */
	};
	rootObject = 820ED6FF209B38C70054C79A /* Project object */;
}
